
Microsoft Visual Studio Solution File, Format Version 12.00
# Visual Studio 14
VisualStudioVersion = 14.0.25420.1
MinimumVisualStudioVersion = 10.0.40219.1
Project("{8BC9CEB8-8B4A-11D0-8D11-00A0C91BC942}") = "Zadatak_1", "Zadatak_1\Zadatak_1.vcxproj", "{4DBF2481-A0DD-4C56-8974-C1B70AF9317F}"
EndProject
Project("{8BC9CEB8-8B4A-11D0-8D11-00A0C91BC942}") = "Zadatak_2", "Zadatak_2\Zadatak_2.vcxproj", "{EC5D203E-6EC9-4FBB-895C-8C1C93D2A303}"
EndProject
Global
	GlobalSection(SolutionConfigurationPlatforms) = preSolution
		Debug|x64 = Debug|x64
		Debug|x86 = Debug|x86
		Release|x64 = Release|x64
		Release|x86 = Release|x86
	EndGlobalSection
	GlobalSection(ProjectConfigurationPlatforms) = postSolution
		{4DBF2481-A0DD-4C56-8974-C1B70AF9317F}.Debug|x64.ActiveCfg = Debug|x64
		{4DBF2481-A0DD-4C56-8974-C1B70AF9317F}.Debug|x64.Build.0 = Debug|x64
		{4DBF2481-A0DD-4C56-8974-C1B70AF9317F}.Debug|x86.ActiveCfg = Debug|Win32
		{4DBF2481-A0DD-4C56-8974-C1B70AF9317F}.Debug|x86.Build.0 = Debug|Win32
		{4DBF2481-A0DD-4C56-8974-C1B70AF9317F}.Release|x64.ActiveCfg = Release|x64
		{4DBF2481-A0DD-4C56-8974-C1B70AF9317F}.Release|x64.Build.0 = Release|x64
		{4DBF2481-A0DD-4C56-8974-C1B70AF9317F}.Release|x86.ActiveCfg = Release|Win32
		{4DBF2481-A0DD-4C56-8974-C1B70AF9317F}.Release|x86.Build.0 = Release|Win32
		{EC5D203E-6EC9-4FBB-895C-8C1C93D2A303}.Debug|x64.ActiveCfg = Debug|x64
		{EC5D203E-6EC9-4FBB-895C-8C1C93D2A303}.Debug|x64.Build.0 = Debug|x64
		{EC5D203E-6EC9-4FBB-895C-8C1C93D2A303}.Debug|x86.ActiveCfg = Debug|Win32
		{EC5D203E-6EC9-4FBB-895C-8C1C93D2A303}.Debug|x86.Build.0 = Debug|Win32
		{EC5D203E-6EC9-4FBB-895C-8C1C93D2A303}.Release|x64.ActiveCfg = Release|x64
		{EC5D203E-6EC9-4FBB-895C-8C1C93D2A303}.Release|x64.Build.0 = Release|x64
		{EC5D203E-6EC9-4FBB-895C-8C1C93D2A303}.Release|x86.ActiveCfg = Release|Win32
		{EC5D203E-6EC9-4FBB-895C-8C1C93D2A303}.Release|x86.Build.0 = Release|Win32
	EndGlobalSection
	GlobalSection(SolutionProperties) = preSolution
		HideSolutionNode = FALSE
	EndGlobalSection
EndGlobal
